
Microsoft Visual Studio Solution File, Format Version 12.00
# Visual Studio Version 16
VisualStudioVersion = 16.0.29728.190
MinimumVisualStudioVersion = 10.0.40219.1
Project("{FAE04EC0-301F-11D3-BF4B-00C04F79EFBC}") = "Gridview", "..\Gridview\Gridview.csproj", "{6F2055D8-AC34-4D74-889F-21D0D569457C}"
EndProject
Project("{FAE04EC0-301F-11D3-BF4B-00C04F79EFBC}") = "InsertGridview", "..\InsertGridview\InsertGridview.csproj", "{2E208441-3018-4954-ABEE-5DF14DED5159}"
EndProject
Global
	GlobalSection(SolutionConfigurationPlatforms) = preSolution
		Debug|Any CPU = Debug|Any CPU
		Release|Any CPU = Release|Any CPU
	EndGlobalSection
	GlobalSection(ProjectConfigurationPlatforms) = postSolution
		{6F2055D8-AC34-4D74-889F-21D0D569457C}.Debug|Any CPU.ActiveCfg = Debug|Any CPU
		{6F2055D8-AC34-4D74-889F-21D0D569457C}.Debug|Any CPU.Build.0 = Debug|Any CPU
		{6F2055D8-AC34-4D74-889F-21D0D569457C}.Release|Any CPU.ActiveCfg = Release|Any CPU
		{6F2055D8-AC34-4D74-889F-21D0D569457C}.Release|Any CPU.Build.0 = Release|Any CPU
		{2E208441-3018-4954-ABEE-5DF14DED5159}.Debug|Any CPU.ActiveCfg = Debug|Any CPU
		{2E208441-3018-4954-ABEE-5DF14DED5159}.Debug|Any CPU.Build.0 = Debug|Any CPU
		{2E208441-3018-4954-ABEE-5DF14DED5159}.Release|Any CPU.ActiveCfg = Release|Any CPU
		{2E208441-3018-4954-ABEE-5DF14DED5159}.Release|Any CPU.Build.0 = Release|Any CPU
	EndGlobalSection
	GlobalSection(SolutionProperties) = preSolution
		HideSolutionNode = FALSE
	EndGlobalSection
	GlobalSection(ExtensibilityGlobals) = postSolution
		SolutionGuid = {C6E19D49-281D-4E7E-959D-F523E821CF46}
	EndGlobalSection
EndGlobal
